
Microsoft Visual Studio Solution File, Format Version 12.00
# Visual Studio 2013
VisualStudioVersion = 12.0.30501.0
MinimumVisualStudioVersion = 10.0.40219.1
Project("{FAE04EC0-301F-11D3-BF4B-00C04F79EFBC}") = "Evil", "Evil\Evil.csproj", "{C432B29F-ABE4-49FA-881F-E77DDD6CD899}"
EndProject
Project("{FAE04EC0-301F-11D3-BF4B-00C04F79EFBC}") = "Observer", "Observer\Observer.csproj", "{00C01B42-8EDF-4D3B-803F-672158BD613C}"
EndProject
Project("{FAE04EC0-301F-11D3-BF4B-00C04F79EFBC}") = "SpinEvil", "SpinEvil\SpinEvil.csproj", "{75B4949D-D9F5-48D5-81E2-518223F2FC30}"
EndProject
Project("{FAE04EC0-301F-11D3-BF4B-00C04F79EFBC}") = "TrackEvil", "TrackEvil\TrackEvil.csproj", "{73057F79-D60C-40BA-9228-3518230D8A32}"
EndProject
Global
	GlobalSection(SolutionConfigurationPlatforms) = preSolution
		Debug|Any CPU = Debug|Any CPU
		Release|Any CPU = Release|Any CPU
	EndGlobalSection
	GlobalSection(ProjectConfigurationPlatforms) = postSolution
		{C432B29F-ABE4-49FA-881F-E77DDD6CD899}.Debug|Any CPU.ActiveCfg = Debug|Any CPU
		{C432B29F-ABE4-49FA-881F-E77DDD6CD899}.Debug|Any CPU.Build.0 = Debug|Any CPU
		{C432B29F-ABE4-49FA-881F-E77DDD6CD899}.Release|Any CPU.ActiveCfg = Release|Any CPU
		{C432B29F-ABE4-49FA-881F-E77DDD6CD899}.Release|Any CPU.Build.0 = Release|Any CPU
		{00C01B42-8EDF-4D3B-803F-672158BD613C}.Debug|Any CPU.ActiveCfg = Debug|Any CPU
		{00C01B42-8EDF-4D3B-803F-672158BD613C}.Debug|Any CPU.Build.0 = Debug|Any CPU
		{00C01B42-8EDF-4D3B-803F-672158BD613C}.Release|Any CPU.ActiveCfg = Release|Any CPU
		{00C01B42-8EDF-4D3B-803F-672158BD613C}.Release|Any CPU.Build.0 = Release|Any CPU
		{75B4949D-D9F5-48D5-81E2-518223F2FC30}.Debug|Any CPU.ActiveCfg = Debug|Any CPU
		{75B4949D-D9F5-48D5-81E2-518223F2FC30}.Debug|Any CPU.Build.0 = Debug|Any CPU
		{75B4949D-D9F5-48D5-81E2-518223F2FC30}.Release|Any CPU.ActiveCfg = Release|Any CPU
		{75B4949D-D9F5-48D5-81E2-518223F2FC30}.Release|Any CPU.Build.0 = Release|Any CPU
		{73057F79-D60C-40BA-9228-3518230D8A32}.Debug|Any CPU.ActiveCfg = Debug|Any CPU
		{73057F79-D60C-40BA-9228-3518230D8A32}.Debug|Any CPU.Build.0 = Debug|Any CPU
		{73057F79-D60C-40BA-9228-3518230D8A32}.Release|Any CPU.ActiveCfg = Release|Any CPU
		{73057F79-D60C-40BA-9228-3518230D8A32}.Release|Any CPU.Build.0 = Release|Any CPU
	EndGlobalSection
	GlobalSection(SolutionProperties) = preSolution
		HideSolutionNode = FALSE
	EndGlobalSection
EndGlobal
