
Microsoft Visual Studio Solution File, Format Version 12.00
# Visual Studio 2012
Project("{FAE04EC0-301F-11D3-BF4B-00C04F79EFBC}") = "Service", "Service\Service.csproj", "{AD2AA567-8DFB-4158-8FD8-50B47FF7E9DA}"
EndProject
Project("{FAE04EC0-301F-11D3-BF4B-00C04F79EFBC}") = "Client", "Client\Client.csproj", "{7B9907D3-D0F4-4566-96E8-3E3859ABF08E}"
EndProject
Project("{FAE04EC0-301F-11D3-BF4B-00C04F79EFBC}") = "Tests", "Tests\Tests.csproj", "{5E9DEBC1-7FDF-4455-9D9E-645661258649}"
EndProject
Project("{FAE04EC0-301F-11D3-BF4B-00C04F79EFBC}") = "HighLevelClient", "HighLevelClient\HighLevelClient.csproj", "{057BA9C0-E56D-4A74-BED2-7A0AF447E4E3}"
EndProject
Global
	GlobalSection(SolutionConfigurationPlatforms) = preSolution
		Debug|Any CPU = Debug|Any CPU
		Release|Any CPU = Release|Any CPU
	EndGlobalSection
	GlobalSection(ProjectConfigurationPlatforms) = postSolution
		{AD2AA567-8DFB-4158-8FD8-50B47FF7E9DA}.Debug|Any CPU.ActiveCfg = Debug|Any CPU
		{AD2AA567-8DFB-4158-8FD8-50B47FF7E9DA}.Debug|Any CPU.Build.0 = Debug|Any CPU
		{AD2AA567-8DFB-4158-8FD8-50B47FF7E9DA}.Release|Any CPU.ActiveCfg = Release|Any CPU
		{AD2AA567-8DFB-4158-8FD8-50B47FF7E9DA}.Release|Any CPU.Build.0 = Release|Any CPU
		{7B9907D3-D0F4-4566-96E8-3E3859ABF08E}.Debug|Any CPU.ActiveCfg = Debug|Any CPU
		{7B9907D3-D0F4-4566-96E8-3E3859ABF08E}.Debug|Any CPU.Build.0 = Debug|Any CPU
		{7B9907D3-D0F4-4566-96E8-3E3859ABF08E}.Release|Any CPU.ActiveCfg = Release|Any CPU
		{7B9907D3-D0F4-4566-96E8-3E3859ABF08E}.Release|Any CPU.Build.0 = Release|Any CPU
		{5E9DEBC1-7FDF-4455-9D9E-645661258649}.Debug|Any CPU.ActiveCfg = Debug|Any CPU
		{5E9DEBC1-7FDF-4455-9D9E-645661258649}.Debug|Any CPU.Build.0 = Debug|Any CPU
		{5E9DEBC1-7FDF-4455-9D9E-645661258649}.Release|Any CPU.ActiveCfg = Release|Any CPU
		{5E9DEBC1-7FDF-4455-9D9E-645661258649}.Release|Any CPU.Build.0 = Release|Any CPU
		{057BA9C0-E56D-4A74-BED2-7A0AF447E4E3}.Debug|Any CPU.ActiveCfg = Debug|Any CPU
		{057BA9C0-E56D-4A74-BED2-7A0AF447E4E3}.Debug|Any CPU.Build.0 = Debug|Any CPU
		{057BA9C0-E56D-4A74-BED2-7A0AF447E4E3}.Release|Any CPU.ActiveCfg = Release|Any CPU
		{057BA9C0-E56D-4A74-BED2-7A0AF447E4E3}.Release|Any CPU.Build.0 = Release|Any CPU
	EndGlobalSection
	GlobalSection(SolutionProperties) = preSolution
		HideSolutionNode = FALSE
	EndGlobalSection
EndGlobal
